# This file is automatically @generated by Poetry and should not be changed by hand.

[[package]]
name = "grpcio"
version = "1.47.2"
description = "HTTP/2-based RPC framework"
category = "main"
optional = false
python-versions = ">=3.6"
files = [
    {file = "grpcio-1.47.2-cp310-cp310-linux_armv7l.whl", hash = "sha256:b5ca2fb4b7e48585d5d90e3dbcfbb6efed763c73e6ab2419a2377611396f8a24"},
    {file = "grpcio-1.47.2-cp310-cp310-macosx_10_10_x86_64.whl", hash = "sha256:c17acc79c7280334f5db8af75af9b0861f0f613dca41c982f471d967142a0bad"},
    {file = "grpcio-1.47.2-cp310-cp310-manylinux_2_17_aarch64.whl", hash = "sha256:d6aa4556fb4be906baf2e2501e9edff9fd4817d88a1f544b8d7a7948e48b1954"},
    {file = "grpcio-1.47.2-cp310-cp310-manylinux_2_17_i686.manylinux2014_i686.whl", hash = "sha256:70b52128e4395356896bb4eb70c8f8de10f9ce4000eca192a53889a76f80c647"},
    {file = "grpcio-1.47.2-cp310-cp310-manylinux_2_17_x86_64.manylinux2014_x86_64.whl", hash = "sha256:696fbb04702dc8d2fcf2a76b366378f2adc606a1c65f277ebbc00f78d5a71cc1"},
    {file = "grpcio-1.47.2-cp310-cp310-musllinux_1_1_i686.whl", hash = "sha256:f020d31693c372b89bd479eceec000d9462107a3b17bd0b7aed32f06fe246efe"},
    {file = "grpcio-1.47.2-cp310-cp310-musllinux_1_1_x86_64.whl", hash = "sha256:a8d4feb221082e91843bcdf16186014583d0fb8671ee0092f66c956752dd81ab"},
    {file = "grpcio-1.47.2-cp310-cp310-win32.whl", hash = "sha256:89b2696928d0db627a80a55158049f760046b90234bb5a9aeb23f9be2750a03e"},
    {file = "grpcio-1.47.2-cp310-cp310-win_amd64.whl", hash = "sha256:f13ae44d39c297b6633c86180a11e6c70cf5596074cd16d7dcee55634d9a70e6"},
    {file = "grpcio-1.47.2-cp36-cp36m-linux_armv7l.whl", hash = "sha256:42a87566378866b98e89d2a7c0b5142cf462a5acba041827902f90d561763d14"},
    {file = "grpcio-1.47.2-cp36-cp36m-macosx_10_10_x86_64.whl", hash = "sha256:bd9129344ccc0845e01134e87e8b7c11f2b6943d0aff016f88273a6b5910bfed"},
    {file = "grpcio-1.47.2-cp36-cp36m-manylinux_2_17_aarch64.whl", hash = "sha256:c96813980f8e6c3ca302221dfadb380dedca911cd7f74bbab66c98c83b310cee"},
    {file = "grpcio-1.47.2-cp36-cp36m-manylinux_2_17_i686.manylinux2014_i686.whl", hash = "sha256:56e593416e67ca4af7edd626dabe1531d9ef966f8a78aa3156c7d5618b5b270a"},
    {file = "grpcio-1.47.2-cp36-cp36m-manylinux_2_17_x86_64.manylinux2014_x86_64.whl", hash = "sha256:ef1f17c47269391af42bc2d64997c9b62bd80ae44cf595b77cf047f4a00b566a"},
    {file = "grpcio-1.47.2-cp36-cp36m-musllinux_1_1_i686.whl", hash = "sha256:c867a2ad3fced11b75a27672a1c4d72c1c2d42ed11803bce3263e91eda4b2ce0"},
    {file = "grpcio-1.47.2-cp36-cp36m-musllinux_1_1_x86_64.whl", hash = "sha256:d3c701104bebc6c66f9fff2ac1f4704f3ab45e179f2be496b2689b6e35179bd4"},
    {file = "grpcio-1.47.2-cp36-cp36m-win32.whl", hash = "sha256:3d04a83e9348d464c789f39c15c30608dc51346a2c76502df444197b11463d90"},
    {file = "grpcio-1.47.2-cp36-cp36m-win_amd64.whl", hash = "sha256:1a669c2f52959c82e5994884ac8940fa626dff2f3a9398098d5cdded3ed0b214"},
    {file = "grpcio-1.47.2-cp37-cp37m-linux_armv7l.whl", hash = "sha256:a57f6cef560c7b9f56549d30ef3b3be0c9ec5f0db321062c67fca05756daedaa"},
    {file = "grpcio-1.47.2-cp37-cp37m-macosx_10_10_x86_64.whl", hash = "sha256:98ecdaea5d66df8ae4a846b50c253aa8bf7ee4162552f56ce37a5d6d561bb711"},
    {file = "grpcio-1.47.2-cp37-cp37m-manylinux_2_17_aarch64.whl", hash = "sha256:f23bf8eafa0265c12b3c54e0b3b77dc4f24dde4b6e9260aecffaed3cfe5d1fbd"},
    {file = "grpcio-1.47.2-cp37-cp37m-manylinux_2_17_i686.manylinux2014_i686.whl", hash = "sha256:07b14bd4e4c12942887a2b0a08d008929d744c47f6eacf83711c778b4555a943"},
    {file = "grpcio-1.47.2-cp37-cp37m-manylinux_2_17_x86_64.manylinux2014_x86_64.whl", hash = "sha256:32b28bfd6de8037ae214bd81af846cf29d39c6518e2005a544c28b10cdef42cb"},
    {file = "grpcio-1.47.2-cp37-cp37m-musllinux_1_1_i686.whl", hash = "sha256:2e76b9447e87faaca797f6c74469466a77c6a95aa5e0e36e0887687c204d471c"},
    {file = "grpcio-1.47.2-cp37-cp37m-musllinux_1_1_x86_64.whl", hash = "sha256:e9d86d03cc8c4dcd1e3d2593dccf12fc61b044358e3085bfd23e50d47686657b"},
    {file = "grpcio-1.47.2-cp37-cp37m-win32.whl", hash = "sha256:73f46fa86d33a3da2f071c65d1c0bf8b4cef49983e1518aeebaf7700b2a4c23f"},
    {file = "grpcio-1.47.2-cp37-cp37m-win_amd64.whl", hash = "sha256:e5abb83b78a337c7731feb4c734fcaa595b3a1f1bdbbd6233cfc08cbf0a83405"},
    {file = "grpcio-1.47.2-cp38-cp38-linux_armv7l.whl", hash = "sha256:a202f137d1e7f018aa28a62bb464fa773ebe37c68ae9761a1b55a00d9beaf2f0"},
    {file = "grpcio-1.47.2-cp38-cp38-macosx_10_10_x86_64.whl", hash = "sha256:0b78e060766967959b53c460ce3fa6d31d6c0dde9f801976875d2e1cac2098f5"},
    {file = "grpcio-1.47.2-cp38-cp38-manylinux_2_17_aarch64.whl", hash = "sha256:8b79f5241acf4a3b3c063a7a6866b70289f5d5fbaa0fcb48e566ce55f85c26fd"},
    {file = "grpcio-1.47.2-cp38-cp38-manylinux_2_17_i686.manylinux2014_i686.whl", hash = "sha256:6ce3ab22060f1e04b06567334f07c11d37e01f019841df46910aa2680b4dbc89"},
    {file = "grpcio-1.47.2-cp38-cp38-manylinux_2_17_x86_64.manylinux2014_x86_64.whl", hash = "sha256:9ca6bdc2ca97419d9154a2858e7190109280143c87f3eda4ad6dada2729dea7e"},
    {file = "grpcio-1.47.2-cp38-cp38-musllinux_1_1_i686.whl", hash = "sha256:c1900803f47c37fa7c055f223d88111181ef53c5fc902391ad4f452aa5c97d2a"},
    {file = "grpcio-1.47.2-cp38-cp38-musllinux_1_1_x86_64.whl", hash = "sha256:92d5f9c7ecb31d6e2579744969f089b285fe45c725d26366a0c1e858d2d52c44"},
    {file = "grpcio-1.47.2-cp38-cp38-win32.whl", hash = "sha256:60967c0d7725a11978f1d3fe60e21e0e0ad10fac920a35d29721f2b01089604f"},
    {file = "grpcio-1.47.2-cp38-cp38-win_amd64.whl", hash = "sha256:c0ee8af10c65d66f1896b5da09abb4a7bddcf3b6e7a6ffc5661713525ca98704"},
    {file = "grpcio-1.47.2-cp39-cp39-linux_armv7l.whl", hash = "sha256:f3510688f6c185a9483ecd1580a0ff5e5b0a7301387d831ec6e31e1c1430bd5d"},
    {file = "grpcio-1.47.2-cp39-cp39-macosx_10_10_x86_64.whl", hash = "sha256:60c69dadc0e9f96cb031d1902f8db6e4ef94bbc17667fc673919dc57871744de"},
    {file = "grpcio-1.47.2-cp39-cp39-manylinux_2_17_aarch64.whl", hash = "sha256:af911454d415eb9d18f011b10c66ac29de87266e47fab5d00481d6478c7cc814"},
    {file = "grpcio-1.47.2-cp39-cp39-manylinux_2_17_i686.manylinux2014_i686.whl", hash = "sha256:36b215d89cadc11c156db8ae4b37ebc50675bae3f75cee230efaf399d19c00c4"},
    {file = "grpcio-1.47.2-cp39-cp39-manylinux_2_17_x86_64.manylinux2014_x86_64.whl", hash = "sha256:ef09be9118f82bc2ff6aac77d7436eef2434a9580b6ffb3b62ddafc9c1b2015f"},
    {file = "grpcio-1.47.2-cp39-cp39-musllinux_1_1_i686.whl", hash = "sha256:cd4106bf10fa440c5dd7c5f21484c7b1e608f0b70a274dc6c2c29f3eee4827f6"},
    {file = "grpcio-1.47.2-cp39-cp39-musllinux_1_1_x86_64.whl", hash = "sha256:9ad746fe50780b9b8fb3e15e758d96561758c3cf6f96356cee76721ccd76d254"},
    {file = "grpcio-1.47.2-cp39-cp39-win32.whl", hash = "sha256:346859e7c279e81611cf270e2ea67990d6a314e3e2aa75f924615268e0764d0f"},
    {file = "grpcio-1.47.2-cp39-cp39-win_amd64.whl", hash = "sha256:e578933d5b365506ae85cbe104c5156baa2307ecdcc1a57d80143c078dca4b8f"},
    {file = "grpcio-1.47.2.tar.gz", hash = "sha256:c7f888b067f2b1833a5670f20eeac2c6063039a23a99b799929de065c1b18692"},
]

[package.dependencies]
six = ">=1.5.2"

[package.extras]
protobuf = ["grpcio-tools (>=1.47.2)"]

[[package]]
name = "grpcio"
version = "1.47.2"
description = "HTTP/2-based RPC framework"
category = "main"
optional = false
python-versions = ">=3.6"
files = [
    {file = "grpcio-1.47.2-cp310-cp310-linux_armv7l.whl", hash = "sha256:b5ca2fb4b7e48585d5d90e3dbcfbb6efed763c73e6ab2419a2377611396f8a24"},
    {file = "grpcio-1.47.2-cp310-cp310-macosx_10_10_x86_64.whl", hash = "sha256:c17acc79c7280334f5db8af75af9b0861f0f613dca41c982f471d967142a0bad"},
    {file = "grpcio-1.47.2-cp310-cp310-macosx_11_0_arm64.whl", hash = "sha256:85e380457afef5b57d330b698f675f72e73e6a6cfe6b5a59feabc0e1111f690c"},
    {file = "grpcio-1.47.2-cp310-cp310-manylinux_2_17_aarch64.whl", hash = "sha256:d6aa4556fb4be906baf2e2501e9edff9fd4817d88a1f544b8d7a7948e48b1954"},
    {file = "grpcio-1.47.2-cp310-cp310-manylinux_2_17_i686.manylinux2014_i686.whl", hash = "sha256:70b52128e4395356896bb4eb70c8f8de10f9ce4000eca192a53889a76f80c647"},
    {file = "grpcio-1.47.2-cp310-cp310-manylinux_2_17_x86_64.manylinux2014_x86_64.whl", hash = "sha256:696fbb04702dc8d2fcf2a76b366378f2adc606a1c65f277ebbc00f78d5a71cc1"},
    {file = "grpcio-1.47.2-cp310-cp310-musllinux_1_1_i686.whl", hash = "sha256:f020d31693c372b89bd479eceec000d9462107a3b17bd0b7aed32f06fe246efe"},
    {file = "grpcio-1.47.2-cp310-cp310-musllinux_1_1_x86_64.whl", hash = "sha256:a8d4feb221082e91843bcdf16186014583d0fb8671ee0092f66c956752dd81ab"},
    {file = "grpcio-1.47.2-cp310-cp310-win32.whl", hash = "sha256:89b2696928d0db627a80a55158049f760046b90234bb5a9aeb23f9be2750a03e"},
    {file = "grpcio-1.47.2-cp310-cp310-win_amd64.whl", hash = "sha256:f13ae44d39c297b6633c86180a11e6c70cf5596074cd16d7dcee55634d9a70e6"},
    {file = "grpcio-1.47.2-cp311-cp311-macosx_11_0_arm64.whl", hash = "sha256:48870115d0501908d77d784e3f9551cd0aea24775e865508ec8b082f22eb9859"},
    {file = "grpcio-1.47.2-cp36-cp36m-linux_armv7l.whl", hash = "sha256:42a87566378866b98e89d2a7c0b5142cf462a5acba041827902f90d561763d14"},
    {file = "grpcio-1.47.2-cp36-cp36m-macosx_10_10_x86_64.whl", hash = "sha256:bd9129344ccc0845e01134e87e8b7c11f2b6943d0aff016f88273a6b5910bfed"},
    {file = "grpcio-1.47.2-cp36-cp36m-manylinux_2_17_aarch64.whl", hash = "sha256:c96813980f8e6c3ca302221dfadb380dedca911cd7f74bbab66c98c83b310cee"},
    {file = "grpcio-1.47.2-cp36-cp36m-manylinux_2_17_i686.manylinux2014_i686.whl", hash = "sha256:56e593416e67ca4af7edd626dabe1531d9ef966f8a78aa3156c7d5618b5b270a"},
    {file = "grpcio-1.47.2-cp36-cp36m-manylinux_2_17_x86_64.manylinux2014_x86_64.whl", hash = "sha256:ef1f17c47269391af42bc2d64997c9b62bd80ae44cf595b77cf047f4a00b566a"},
    {file = "grpcio-1.47.2-cp36-cp36m-musllinux_1_1_i686.whl", hash = "sha256:c867a2ad3fced11b75a27672a1c4d72c1c2d42ed11803bce3263e91eda4b2ce0"},
    {file = "grpcio-1.47.2-cp36-cp36m-musllinux_1_1_x86_64.whl", hash = "sha256:d3c701104bebc6c66f9fff2ac1f4704f3ab45e179f2be496b2689b6e35179bd4"},
    {file = "grpcio-1.47.2-cp36-cp36m-win32.whl", hash = "sha256:3d04a83e9348d464c789f39c15c30608dc51346a2c76502df444197b11463d90"},
    {file = "grpcio-1.47.2-cp36-cp36m-win_amd64.whl", hash = "sha256:1a669c2f52959c82e5994884ac8940fa626dff2f3a9398098d5cdded3ed0b214"},
    {file = "grpcio-1.47.2-cp37-cp37m-linux_armv7l.whl", hash = "sha256:a57f6cef560c7b9f56549d30ef3b3be0c9ec5f0db321062c67fca05756daedaa"},
    {file = "grpcio-1.47.2-cp37-cp37m-macosx_10_10_x86_64.whl", hash = "sha256:98ecdaea5d66df8ae4a846b50c253aa8bf7ee4162552f56ce37a5d6d561bb711"},
    {file = "grpcio-1.47.2-cp37-cp37m-manylinux_2_17_aarch64.whl", hash = "sha256:f23bf8eafa0265c12b3c54e0b3b77dc4f24dde4b6e9260aecffaed3cfe5d1fbd"},
    {file = "grpcio-1.47.2-cp37-cp37m-manylinux_2_17_i686.manylinux2014_i686.whl", hash = "sha256:07b14bd4e4c12942887a2b0a08d008929d744c47f6eacf83711c778b4555a943"},
    {file = "grpcio-1.47.2-cp37-cp37m-manylinux_2_17_x86_64.manylinux2014_x86_64.whl", hash = "sha256:32b28bfd6de8037ae214bd81af846cf29d39c6518e2005a544c28b10cdef42cb"},
    {file = "grpcio-1.47.2-cp37-cp37m-musllinux_1_1_i686.whl", hash = "sha256:2e76b9447e87faaca797f6c74469466a77c6a95aa5e0e36e0887687c204d471c"},
    {file = "grpcio-1.47.2-cp37-cp37m-musllinux_1_1_x86_64.whl", hash = "sha256:e9d86d03cc8c4dcd1e3d2593dccf12fc61b044358e3085bfd23e50d47686657b"},
    {file = "grpcio-1.47.2-cp37-cp37m-win32.whl", hash = "sha256:73f46fa86d33a3da2f071c65d1c0bf8b4cef49983e1518aeebaf7700b2a4c23f"},
    {file = "grpcio-1.47.2-cp37-cp37m-win_amd64.whl", hash = "sha256:e5abb83b78a337c7731feb4c734fcaa595b3a1f1bdbbd6233cfc08cbf0a83405"},
    {file = "grpcio-1.47.2-cp38-cp38-linux_armv7l.whl", hash = "sha256:a202f137d1e7f018aa28a62bb464fa773ebe37c68ae9761a1b55a00d9beaf2f0"},
    {file = "grpcio-1.47.2-cp38-cp38-macosx_10_10_x86_64.whl", hash = "sha256:0b78e060766967959b53c460ce3fa6d31d6c0dde9f801976875d2e1cac2098f5"},
    {file = "grpcio-1.47.2-cp38-cp38-macosx_11_0_arm64.whl", hash = "sha256:dbd88bac32f1dfdf55d46df91a6881ef1feb383f8ca39efd2f9a148fae9243d5"},
    {file = "grpcio-1.47.2-cp38-cp38-manylinux_2_17_aarch64.whl", hash = "sha256:8b79f5241acf4a3b3c063a7a6866b70289f5d5fbaa0fcb48e566ce55f85c26fd"},
    {file = "grpcio-1.47.2-cp38-cp38-manylinux_2_17_i686.manylinux2014_i686.whl", hash = "sha256:6ce3ab22060f1e04b06567334f07c11d37e01f019841df46910aa2680b4dbc89"},
    {file = "grpcio-1.47.2-cp38-cp38-manylinux_2_17_x86_64.manylinux2014_x86_64.whl", hash = "sha256:9ca6bdc2ca97419d9154a2858e7190109280143c87f3eda4ad6dada2729dea7e"},
    {file = "grpcio-1.47.2-cp38-cp38-musllinux_1_1_i686.whl", hash = "sha256:c1900803f47c37fa7c055f223d88111181ef53c5fc902391ad4f452aa5c97d2a"},
    {file = "grpcio-1.47.2-cp38-cp38-musllinux_1_1_x86_64.whl", hash = "sha256:92d5f9c7ecb31d6e2579744969f089b285fe45c725d26366a0c1e858d2d52c44"},
    {file = "grpcio-1.47.2-cp38-cp38-win32.whl", hash = "sha256:60967c0d7725a11978f1d3fe60e21e0e0ad10fac920a35d29721f2b01089604f"},
    {file = "grpcio-1.47.2-cp38-cp38-win_amd64.whl", hash = "sha256:c0ee8af10c65d66f1896b5da09abb4a7bddcf3b6e7a6ffc5661713525ca98704"},
    {file = "grpcio-1.47.2-cp39-cp39-linux_armv7l.whl", hash = "sha256:f3510688f6c185a9483ecd1580a0ff5e5b0a7301387d831ec6e31e1c1430bd5d"},
    {file = "grpcio-1.47.2-cp39-cp39-macosx_10_10_x86_64.whl", hash = "sha256:60c69dadc0e9f96cb031d1902f8db6e4ef94bbc17667fc673919dc57871744de"},
    {file = "grpcio-1.47.2-cp39-cp39-macosx_11_0_arm64.whl", hash = "sha256:6edb02c24805fb35e8e164dc46b81523b2aa861199aaea540e0a62d96a5bcf77"},
    {file = "grpcio-1.47.2-cp39-cp39-manylinux_2_17_aarch64.whl", hash = "sha256:af911454d415eb9d18f011b10c66ac29de87266e47fab5d00481d6478c7cc814"},
    {file = "grpcio-1.47.2-cp39-cp39-manylinux_2_17_i686.manylinux2014_i686.whl", hash = "sha256:36b215d89cadc11c156db8ae4b37ebc50675bae3f75cee230efaf399d19c00c4"},
    {file = "grpcio-1.47.2-cp39-cp39-manylinux_2_17_x86_64.manylinux2014_x86_64.whl", hash = "sha256:ef09be9118f82bc2ff6aac77d7436eef2434a9580b6ffb3b62ddafc9c1b2015f"},
    {file = "grpcio-1.47.2-cp39-cp39-musllinux_1_1_i686.whl", hash = "sha256:cd4106bf10fa440c5dd7c5f21484c7b1e608f0b70a274dc6c2c29f3eee4827f6"},
    {file = "grpcio-1.47.2-cp39-cp39-musllinux_1_1_x86_64.whl", hash = "sha256:9ad746fe50780b9b8fb3e15e758d96561758c3cf6f96356cee76721ccd76d254"},
    {file = "grpcio-1.47.2-cp39-cp39-win32.whl", hash = "sha256:346859e7c279e81611cf270e2ea67990d6a314e3e2aa75f924615268e0764d0f"},
    {file = "grpcio-1.47.2-cp39-cp39-win_amd64.whl", hash = "sha256:e578933d5b365506ae85cbe104c5156baa2307ecdcc1a57d80143c078dca4b8f"},
    {file = "grpcio-1.47.2.tar.gz", hash = "sha256:c7f888b067f2b1833a5670f20eeac2c6063039a23a99b799929de065c1b18692"},
]

[package.dependencies]
six = ">=1.5.2"

[package.extras]
protobuf = ["grpcio-tools (>=1.47.2)"]

[package.source]
type = "legacy"
url = "https://python.build/simple"
reference = "pythonbuild"

[[package]]
name = "six"
version = "1.16.0"
description = "Python 2 and 3 compatibility utilities"
category = "main"
optional = false
python-versions = ">=2.7, !=3.0.*, !=3.1.*, !=3.2.*"
files = [
    {file = "six-1.16.0-py2.py3-none-any.whl", hash = "sha256:8abb2f1d86890a2dfb989f9a77cfcfd3e47c2a354b01111771326f8aa26e0254"},
    {file = "six-1.16.0.tar.gz", hash = "sha256:1e61c37477a1626458e36f7b1d82aa5c9b094fa4802892072e49de9c60c4c926"},
]

[package.source]
type = "legacy"
url = "https://python.build/simple"
reference = "pythonbuild"

[metadata]
lock-version = "2.0"
python-versions = "^3.10"
content-hash = "8490f81aacd7ba5e98d4ca772ba439356302da44f03e1a99720e9183a15d5d8f"
