# This file is automatically @generated by Poetry and should not be changed by hand.

[[package]]
name = "grpcio"
version = "1.47.2"
description = "HTTP/2-based RPC framework"
category = "main"
optional = false
python-versions = ">=3.6"
files = [
    {file = "grpcio-1.47.2-cp310-cp310-linux_armv7l.whl", hash = "sha256:b5ca2fb4b7e48585d5d90e3dbcfbb6efed763c73e6ab2419a2377611396f8a24"},
    {file = "grpcio-1.47.2-cp310-cp310-macosx_10_10_x86_64.whl", hash = "sha256:c17acc79c7280334f5db8af75af9b0861f0f613dca41c982f471d967142a0bad"},
    {file = "grpcio-1.47.2-cp310-cp310-macosx_11_0_arm64.whl", hash = "sha256:85e380457afef5b57d330b698f675f72e73e6a6cfe6b5a59feabc0e1111f690c"},
    {file = "grpcio-1.47.2-cp310-cp310-manylinux_2_17_aarch64.whl", hash = "sha256:d6aa4556fb4be906baf2e2501e9edff9fd4817d88a1f544b8d7a7948e48b1954"},
    {file = "grpcio-1.47.2-cp310-cp310-manylinux_2_17_i686.manylinux2014_i686.whl", hash = "sha256:70b52128e4395356896bb4eb70c8f8de10f9ce4000eca192a53889a76f80c647"},
    {file = "grpcio-1.47.2-cp310-cp310-manylinux_2_17_x86_64.manylinux2014_x86_64.whl", hash = "sha256:696fbb04702dc8d2fcf2a76b366378f2adc606a1c65f277ebbc00f78d5a71cc1"},
    {file = "grpcio-1.47.2-cp310-cp310-musllinux_1_1_i686.whl", hash = "sha256:f020d31693c372b89bd479eceec000d9462107a3b17bd0b7aed32f06fe246efe"},
    {file = "grpcio-1.47.2-cp310-cp310-musllinux_1_1_x86_64.whl", hash = "sha256:a8d4feb221082e91843bcdf16186014583d0fb8671ee0092f66c956752dd81ab"},
    {file = "grpcio-1.47.2-cp310-cp310-win32.whl", hash = "sha256:89b2696928d0db627a80a55158049f760046b90234bb5a9aeb23f9be2750a03e"},
    {file = "grpcio-1.47.2-cp310-cp310-win_amd64.whl", hash = "sha256:f13ae44d39c297b6633c86180a11e6c70cf5596074cd16d7dcee55634d9a70e6"},
    {file = "grpcio-1.47.2-cp311-cp311-macosx_11_0_arm64.whl", hash = "sha256:48870115d0501908d77d784e3f9551cd0aea24775e865508ec8b082f22eb9859"},
    {file = "grpcio-1.47.2-cp36-cp36m-linux_armv7l.whl", hash = "sha256:42a87566378866b98e89d2a7c0b5142cf462a5acba041827902f90d561763d14"},
    {file = "grpcio-1.47.2-cp36-cp36m-macosx_10_10_x86_64.whl", hash = "sha256:bd9129344ccc0845e01134e87e8b7c11f2b6943d0aff016f88273a6b5910bfed"},
    {file = "grpcio-1.47.2-cp36-cp36m-manylinux_2_17_aarch64.whl", hash = "sha256:c96813980f8e6c3ca302221dfadb380dedca911cd7f74bbab66c98c83b310cee"},
    {file = "grpcio-1.47.2-cp36-cp36m-manylinux_2_17_i686.manylinux2014_i686.whl", hash = "sha256:56e593416e67ca4af7edd626dabe1531d9ef966f8a78aa3156c7d5618b5b270a"},
    {file = "grpcio-1.47.2-cp36-cp36m-manylinux_2_17_x86_64.manylinux2014_x86_64.whl", hash = "sha256:ef1f17c47269391af42bc2d64997c9b62bd80ae44cf595b77cf047f4a00b566a"},
    {file = "grpcio-1.47.2-cp36-cp36m-musllinux_1_1_i686.whl", hash = "sha256:c867a2ad3fced11b75a27672a1c4d72c1c2d42ed11803bce3263e91eda4b2ce0"},
    {file = "grpcio-1.47.2-cp36-cp36m-musllinux_1_1_x86_64.whl", hash = "sha256:d3c701104bebc6c66f9fff2ac1f4704f3ab45e179f2be496b2689b6e35179bd4"},
    {file = "grpcio-1.47.2-cp36-cp36m-win32.whl", hash = "sha256:3d04a83e9348d464c789f39c15c30608dc51346a2c76502df444197b11463d90"},
    {file = "grpcio-1.47.2-cp36-cp36m-win_amd64.whl", hash = "sha256:1a669c2f52959c82e5994884ac8940fa626dff2f3a9398098d5cdded3ed0b214"},
    {file = "grpcio-1.47.2-cp37-cp37m-linux_armv7l.whl", hash = "sha256:a57f6cef560c7b9f56549d30ef3b3be0c9ec5f0db321062c67fca05756daedaa"},
    {file = "grpcio-1.47.2-cp37-cp37m-macosx_10_10_x86_64.whl", hash = "sha256:98ecdaea5d66df8ae4a846b50c253aa8bf7ee4162552f56ce37a5d6d561bb711"},
    {file = "grpcio-1.47.2-cp37-cp37m-manylinux_2_17_aarch64.whl", hash = "sha256:f23bf8eafa0265c12b3c54e0b3b77dc4f24dde4b6e9260aecffaed3cfe5d1fbd"},
    {file = "grpcio-1.47.2-cp37-cp37m-manylinux_2_17_i686.manylinux2014_i686.whl", hash = "sha256:07b14bd4e4c12942887a2b0a08d008929d744c47f6eacf83711c778b4555a943"},
    {file = "grpcio-1.47.2-cp37-cp37m-manylinux_2_17_x86_64.manylinux2014_x86_64.whl", hash = "sha256:32b28bfd6de8037ae214bd81af846cf29d39c6518e2005a544c28b10cdef42cb"},
    {file = "grpcio-1.47.2-cp37-cp37m-musllinux_1_1_i686.whl", hash = "sha256:2e76b9447e87faaca797f6c74469466a77c6a95aa5e0e36e0887687c204d471c"},
    {file = "grpcio-1.47.2-cp37-cp37m-musllinux_1_1_x86_64.whl", hash = "sha256:e9d86d03cc8c4dcd1e3d2593dccf12fc61b044358e3085bfd23e50d47686657b"},
    {file = "grpcio-1.47.2-cp37-cp37m-win32.whl", hash = "sha256:73f46fa86d33a3da2f071c65d1c0bf8b4cef49983e1518aeebaf7700b2a4c23f"},
    {file = "grpcio-1.47.2-cp37-cp37m-win_amd64.whl", hash = "sha256:e5abb83b78a337c7731feb4c734fcaa595b3a1f1bdbbd6233cfc08cbf0a83405"},
    {file = "grpcio-1.47.2-cp38-cp38-linux_armv7l.whl", hash = "sha256:a202f137d1e7f018aa28a62bb464fa773ebe37c68ae9761a1b55a00d9beaf2f0"},
    {file = "grpcio-1.47.2-cp38-cp38-macosx_10_10_x86_64.whl", hash = "sha256:0b78e060766967959b53c460ce3fa6d31d6c0dde9f801976875d2e1cac2098f5"},
    {file = "grpcio-1.47.2-cp38-cp38-macosx_11_0_arm64.whl", hash = "sha256:dbd88bac32f1dfdf55d46df91a6881ef1feb383f8ca39efd2f9a148fae9243d5"},
    {file = "grpcio-1.47.2-cp38-cp38-manylinux_2_17_aarch64.whl", hash = "sha256:8b79f5241acf4a3b3c063a7a6866b70289f5d5fbaa0fcb48e566ce55f85c26fd"},
    {file = "grpcio-1.47.2-cp38-cp38-manylinux_2_17_i686.manylinux2014_i686.whl", hash = "sha256:6ce3ab22060f1e04b06567334f07c11d37e01f019841df46910aa2680b4dbc89"},
    {file = "grpcio-1.47.2-cp38-cp38-manylinux_2_17_x86_64.manylinux2014_x86_64.whl", hash = "sha256:9ca6bdc2ca97419d9154a2858e7190109280143c87f3eda4ad6dada2729dea7e"},
    {file = "grpcio-1.47.2-cp38-cp38-musllinux_1_1_i686.whl", hash = "sha256:c1900803f47c37fa7c055f223d88111181ef53c5fc902391ad4f452aa5c97d2a"},
    {file = "grpcio-1.47.2-cp38-cp38-musllinux_1_1_x86_64.whl", hash = "sha256:92d5f9c7ecb31d6e2579744969f089b285fe45c725d26366a0c1e858d2d52c44"},
    {file = "grpcio-1.47.2-cp38-cp38-win32.whl", hash = "sha256:60967c0d7725a11978f1d3fe60e21e0e0ad10fac920a35d29721f2b01089604f"},
    {file = "grpcio-1.47.2-cp38-cp38-win_amd64.whl", hash = "sha256:c0ee8af10c65d66f1896b5da09abb4a7bddcf3b6e7a6ffc5661713525ca98704"},
    {file = "grpcio-1.47.2-cp39-cp39-linux_armv7l.whl", hash = "sha256:f3510688f6c185a9483ecd1580a0ff5e5b0a7301387d831ec6e31e1c1430bd5d"},
    {file = "grpcio-1.47.2-cp39-cp39-macosx_10_10_x86_64.whl", hash = "sha256:60c69dadc0e9f96cb031d1902f8db6e4ef94bbc17667fc673919dc57871744de"},
    {file = "grpcio-1.47.2-cp39-cp39-macosx_11_0_arm64.whl", hash = "sha256:6edb02c24805fb35e8e164dc46b81523b2aa861199aaea540e0a62d96a5bcf77"},
    {file = "grpcio-1.47.2-cp39-cp39-manylinux_2_17_aarch64.whl", hash = "sha256:af911454d415eb9d18f011b10c66ac29de87266e47fab5d00481d6478c7cc814"},
    {file = "grpcio-1.47.2-cp39-cp39-manylinux_2_17_i686.manylinux2014_i686.whl", hash = "sha256:36b215d89cadc11c156db8ae4b37ebc50675bae3f75cee230efaf399d19c00c4"},
    {file = "grpcio-1.47.2-cp39-cp39-manylinux_2_17_x86_64.manylinux2014_x86_64.whl", hash = "sha256:ef09be9118f82bc2ff6aac77d7436eef2434a9580b6ffb3b62ddafc9c1b2015f"},
    {file = "grpcio-1.47.2-cp39-cp39-musllinux_1_1_i686.whl", hash = "sha256:cd4106bf10fa440c5dd7c5f21484c7b1e608f0b70a274dc6c2c29f3eee4827f6"},
    {file = "grpcio-1.47.2-cp39-cp39-musllinux_1_1_x86_64.whl", hash = "sha256:9ad746fe50780b9b8fb3e15e758d96561758c3cf6f96356cee76721ccd76d254"},
    {file = "grpcio-1.47.2-cp39-cp39-win32.whl", hash = "sha256:346859e7c279e81611cf270e2ea67990d6a314e3e2aa75f924615268e0764d0f"},
    {file = "grpcio-1.47.2-cp39-cp39-win_amd64.whl", hash = "sha256:e578933d5b365506ae85cbe104c5156baa2307ecdcc1a57d80143c078dca4b8f"},
    {file = "grpcio-1.47.2.tar.gz", hash = "sha256:c7f888b067f2b1833a5670f20eeac2c6063039a23a99b799929de065c1b18692"},
]

[package.dependencies]
six = ">=1.5.2"

[package.extras]
protobuf = ["grpcio-tools (>=1.47.2)"]

[package.source]
type = "legacy"
url = "https://python.build/simple"
reference = "pythonbuild"

[[package]]
name = "grpcio-tools"
version = "1.47.2"
description = "Protobuf code generator for gRPC"
category = "main"
optional = false
python-versions = ">=3.6"
files = [
    {file = "grpcio-tools-1.47.2.tar.gz", hash = "sha256:043f0f057469083243cb1400a0d4f66ff89a594606d1f7b240b0b4b9985de06d"},
    {file = "grpcio_tools-1.47.2-cp310-cp310-linux_armv7l.whl", hash = "sha256:b8dfefe800e5ab97ec8a47391106cad189d11945839651ff610f785aa220d803"},
    {file = "grpcio_tools-1.47.2-cp310-cp310-macosx_10_10_x86_64.whl", hash = "sha256:0d7f1cbfe4cc803b74cb03885743f5e75cc528d7117f7bff12962c29ccdf663c"},
    {file = "grpcio_tools-1.47.2-cp310-cp310-manylinux_2_17_aarch64.whl", hash = "sha256:85029bacdb662f0e8f1d660122d8bff0969f15626bc6a1818a1640126514136a"},
    {file = "grpcio_tools-1.47.2-cp310-cp310-manylinux_2_17_i686.manylinux2014_i686.whl", hash = "sha256:deee64600b7d41eef80e875048714c35819f30fe71c044c27c1535bf8b6ff42b"},
    {file = "grpcio_tools-1.47.2-cp310-cp310-manylinux_2_17_x86_64.manylinux2014_x86_64.whl", hash = "sha256:edc41c3a8ccdb27e074aad372fbadbe0ccfd46281839d3c8bd6c6de7cf5af47e"},
    {file = "grpcio_tools-1.47.2-cp310-cp310-musllinux_1_1_i686.whl", hash = "sha256:fc6a788a1d41ef61ea232e007dca662396fdc3c686585b4719b7b8273ad267fe"},
    {file = "grpcio_tools-1.47.2-cp310-cp310-musllinux_1_1_x86_64.whl", hash = "sha256:87c43e7bc3ff69b3d424314e35d14f64fedfed19d71c09cf76aed070d7b74934"},
    {file = "grpcio_tools-1.47.2-cp310-cp310-win32.whl", hash = "sha256:74b02e6c24a492513adab543a70d2f1d17e57f60d32a0cddb12148577d9af1ba"},
    {file = "grpcio_tools-1.47.2-cp310-cp310-win_amd64.whl", hash = "sha256:e1c46af37dce3649191ad5f9e88ec89c50a48e3fefd4af42e8c132984b135f35"},
    {file = "grpcio_tools-1.47.2-cp36-cp36m-linux_armv7l.whl", hash = "sha256:812e8061652315fe5223e58dea4e0d8ba00de7a97dfc025336a53a9bb81060ae"},
    {file = "grpcio_tools-1.47.2-cp36-cp36m-macosx_10_10_x86_64.whl", hash = "sha256:31b2566af301ec2743ccf95e86f06b9b2279397dfac5ee2ee90232123f6c6cca"},
    {file = "grpcio_tools-1.47.2-cp36-cp36m-manylinux_2_17_aarch64.whl", hash = "sha256:25b810f8e1e0363284af33e23e682a4d0ba1bde9b047ea562d26d2c22821bb04"},
    {file = "grpcio_tools-1.47.2-cp36-cp36m-manylinux_2_17_i686.manylinux2014_i686.whl", hash = "sha256:9503566ede5bcf95f0fb2c51b173ddd8e6d42db3fc87f32ee4b017371bd83a9e"},
    {file = "grpcio_tools-1.47.2-cp36-cp36m-manylinux_2_17_x86_64.manylinux2014_x86_64.whl", hash = "sha256:2abb9b09ded74ed1dcef9b6b244917e91fbf726a37697b02a82ad4e0356306c4"},
    {file = "grpcio_tools-1.47.2-cp36-cp36m-musllinux_1_1_i686.whl", hash = "sha256:86b74e57fc800d3a1ebb97b65dff9fc31657efc37f0ee2b6146512a82077231e"},
    {file = "grpcio_tools-1.47.2-cp36-cp36m-musllinux_1_1_x86_64.whl", hash = "sha256:957bd871bbc42e850a56f92b9b1cbad187a061bc00072cb2c3fb5df90f6434e1"},
    {file = "grpcio_tools-1.47.2-cp36-cp36m-win32.whl", hash = "sha256:eb17c06af0f51dc443b7db47feb36be8db9d8de6741968cc76e863b4c34cf9dd"},
    {file = "grpcio_tools-1.47.2-cp36-cp36m-win_amd64.whl", hash = "sha256:7dbaeb8b60b505aa6adb95bb1c6fc85f63278ec74bcfd178add62b564a9fac67"},
    {file = "grpcio_tools-1.47.2-cp37-cp37m-linux_armv7l.whl", hash = "sha256:072c4608bc941a02b75787cb0c04d713e8c46a8d86bef8f9d877dacbd48d9bae"},
    {file = "grpcio_tools-1.47.2-cp37-cp37m-macosx_10_10_x86_64.whl", hash = "sha256:39a6f918443a06091029e1fe8b62c9fb9ed4d590a0585ff386ac7ac6a3232704"},
    {file = "grpcio_tools-1.47.2-cp37-cp37m-manylinux_2_17_aarch64.whl", hash = "sha256:4fb53eb00a31ee3c19912da2d7559553ccd583792253d5878597db1480838500"},
    {file = "grpcio_tools-1.47.2-cp37-cp37m-manylinux_2_17_i686.manylinux2014_i686.whl", hash = "sha256:ae70b570f30dd773e6f37f260ed31bcbb5f3ad7a1e1b0878c3fe4107bc9de16d"},
    {file = "grpcio_tools-1.47.2-cp37-cp37m-manylinux_2_17_x86_64.manylinux2014_x86_64.whl", hash = "sha256:5446f166252e556e1dbeffa647b31b743c5c05fc424fd30f0304733c8a30ad6c"},
    {file = "grpcio_tools-1.47.2-cp37-cp37m-musllinux_1_1_i686.whl", hash = "sha256:174f9ffac119434da6462a430739a22da4c78efe623057b31a1f49546e8eaa16"},
    {file = "grpcio_tools-1.47.2-cp37-cp37m-musllinux_1_1_x86_64.whl", hash = "sha256:e2623fd42c48cfbd25ad058817557ad571b3481589b1f404cf190ccea510f0bd"},
    {file = "grpcio_tools-1.47.2-cp37-cp37m-win32.whl", hash = "sha256:13410495c7268957996f5ddbcd90ed8994295face66f3e17286b098b696ec6e6"},
    {file = "grpcio_tools-1.47.2-cp37-cp37m-win_amd64.whl", hash = "sha256:53408eb36f4934b6b7034c1d913749dde49a9aec12aec2eb5725569e7f6a7d2b"},
    {file = "grpcio_tools-1.47.2-cp38-cp38-linux_armv7l.whl", hash = "sha256:b1d8afe727f6d6b58c42e2b4061bb8f3220085c034b38f9edb39234e102a7125"},
    {file = "grpcio_tools-1.47.2-cp38-cp38-macosx_10_10_x86_64.whl", hash = "sha256:aae1d78534b6cea1090b9c4a189c9864667a33de6bc4565909119d1c0b3aa301"},
    {file = "grpcio_tools-1.47.2-cp38-cp38-manylinux_2_17_aarch64.whl", hash = "sha256:b9d21f4253da5bb4902e989d08187906366f70156b49b9a8c7482880f26c22f7"},
    {file = "grpcio_tools-1.47.2-cp38-cp38-manylinux_2_17_i686.manylinux2014_i686.whl", hash = "sha256:0c9379494cad110ca2805c55cb7f7542006d030b3b31abd72a9a3b80f2ca478d"},
    {file = "grpcio_tools-1.47.2-cp38-cp38-manylinux_2_17_x86_64.manylinux2014_x86_64.whl", hash = "sha256:4c321360ade63c20d6622735b29b0d4866201b3c604bf726f6c4c7f765b0cda2"},
    {file = "grpcio_tools-1.47.2-cp38-cp38-musllinux_1_1_i686.whl", hash = "sha256:c88ed34f452d77f0d7c9585c6aad10af91fa43eec381351081675e6ba5571626"},
    {file = "grpcio_tools-1.47.2-cp38-cp38-musllinux_1_1_x86_64.whl", hash = "sha256:1c389d061c62bb4b3dda3f41cfbd1b1e2fef00734c8c76951fcbf5ed2cc556fc"},
    {file = "grpcio_tools-1.47.2-cp38-cp38-win32.whl", hash = "sha256:d8d5040fd87a263bb834a90e1836ea0678d98d4b98ce30ec96051fc8b1e3c2d5"},
    {file = "grpcio_tools-1.47.2-cp38-cp38-win_amd64.whl", hash = "sha256:7a2c54d31c663203f244da76e6e90d44932354b022162a724c8ca3f8d9036956"},
    {file = "grpcio_tools-1.47.2-cp39-cp39-linux_armv7l.whl", hash = "sha256:518f70ccae3144b2d2cbdc5e10ffd05475ce82a6de03fa0c61611ff39b280c33"},
    {file = "grpcio_tools-1.47.2-cp39-cp39-macosx_10_10_x86_64.whl", hash = "sha256:0c4b722facfe84c475503a2acf63f19638e151ed926db66264fda77bafc51d4f"},
    {file = "grpcio_tools-1.47.2-cp39-cp39-manylinux_2_17_aarch64.whl", hash = "sha256:b007f5e7f06af51642ad4fc19037ec54f1a3de87a0ae66b58c43041bac2e1d16"},
    {file = "grpcio_tools-1.47.2-cp39-cp39-manylinux_2_17_i686.manylinux2014_i686.whl", hash = "sha256:62c6ac467663c96da1315427012a504a0af45dc5a24f908e49a8656721b7b0e2"},
    {file = "grpcio_tools-1.47.2-cp39-cp39-manylinux_2_17_x86_64.manylinux2014_x86_64.whl", hash = "sha256:fbffac3b13b158abf819f5069ab2944280f5f283e30a57c17c7c79dac6d89854"},
    {file = "grpcio_tools-1.47.2-cp39-cp39-musllinux_1_1_i686.whl", hash = "sha256:8c4d930af5266f61a14d4f87c2c3955932e5c76f61d72e6126a82a5d4c085515"},
    {file = "grpcio_tools-1.47.2-cp39-cp39-musllinux_1_1_x86_64.whl", hash = "sha256:ab235b1b407953b5be1a8ea86dc820a6ad7ec43afbef7a383adceec16690ed59"},
    {file = "grpcio_tools-1.47.2-cp39-cp39-win32.whl", hash = "sha256:9b8faf9a9641dfdad84c9d54674e85396d9dac42267780d6907d297ff1e8c697"},
    {file = "grpcio_tools-1.47.2-cp39-cp39-win_amd64.whl", hash = "sha256:096b986ff5604f9ae1532662d43e4270aea073fed93a7c4dfd6cdccaa8996820"},
]

[package.dependencies]
grpcio = ">=1.47.2"
protobuf = ">=3.12.0,<4.0dev"
setuptools = "*"

[[package]]
name = "grpcio-tools"
version = "1.47.2"
description = "Protobuf code generator for gRPC"
category = "main"
optional = false
python-versions = ">=3.6"
files = [
    {file = "grpcio_tools-1.47.2-cp310-cp310-macosx_11_0_arm64.whl", hash = "sha256:d9c74932ee977bf30a9888b27b4f35702de3ad72827d54712b9c451b0529c932"},
]

[package.dependencies]
grpcio = ">=1.47.2"
protobuf = ">=3.12.0,<4.0dev"
setuptools = "*"

[package.source]
type = "url"
url = 'https://wheels.python.build/grpcio_tools-1.47.2-cp310-cp310-macosx_11_0_arm64.whl'
[[package]]
name = "lxml"
version = "4.6.5"
description = "Powerful and Pythonic XML processing library combining libxml2/libxslt with the ElementTree API."
category = "main"
optional = false
python-versions = ">=2.7, !=3.0.*, !=3.1.*, !=3.2.*, !=3.3.*, != 3.4.*"
files = [
    {file = "lxml-4.6.5-cp27-cp27m-macosx_10_14_x86_64.whl", hash = "sha256:abcf7daa5ebcc89328326254f6dd6d566adb483d4d00178892afd386ab389de2"},
    {file = "lxml-4.6.5-cp27-cp27m-manylinux_2_5_i686.manylinux1_i686.whl", hash = "sha256:3884476a90d415be79adfa4e0e393048630d0d5bcd5757c4c07d8b4b00a1096b"},
    {file = "lxml-4.6.5-cp27-cp27m-manylinux_2_5_x86_64.manylinux1_x86_64.whl", hash = "sha256:add017c5bd6b9ec3a5f09248396b6ee2ce61c5621f087eb2269c813cd8813808"},
    {file = "lxml-4.6.5-cp27-cp27m-win32.whl", hash = "sha256:a702005e447d712375433ed0499cb6e1503fadd6c96a47f51d707b4d37b76d3c"},
    {file = "lxml-4.6.5-cp27-cp27m-win_amd64.whl", hash = "sha256:da07c7e7fc9a3f40446b78c54dbba8bfd5c9100dfecb21b65bfe3f57844f5e71"},
    {file = "lxml-4.6.5-cp27-cp27mu-manylinux_2_5_i686.manylinux1_i686.whl", hash = "sha256:a708c291900c40a7ecf23f1d2384ed0bc0604e24094dd13417c7e7f8f7a50d93"},
    {file = "lxml-4.6.5-cp27-cp27mu-manylinux_2_5_x86_64.manylinux1_x86_64.whl", hash = "sha256:f33d8efb42e4fc2b31b3b4527940b25cdebb3026fb56a80c1c1c11a4271d2352"},
    {file = "lxml-4.6.5-cp310-cp310-macosx_10_14_x86_64.whl", hash = "sha256:f6befb83bca720b71d6bd6326a3b26e9496ae6649e26585de024890fe50f49b8"},
    {file = "lxml-4.6.5-cp310-cp310-macosx_11_0_arm64.whl", hash = "sha256:804287f10643ff216adc059d052eccba39718893c2e0fa3041e5f3fa2cdd358e"},
    {file = "lxml-4.6.5-cp310-cp310-manylinux_2_12_i686.manylinux2010_i686.manylinux_2_24_i686.whl", hash = "sha256:59d77bfa3bea13caee95bc0d3f1c518b15049b97dd61ea8b3d71ce677a67f808"},
    {file = "lxml-4.6.5-cp310-cp310-manylinux_2_17_aarch64.manylinux2014_aarch64.manylinux_2_24_aarch64.whl", hash = "sha256:68a851176c931e2b3de6214347b767451243eeed3bea34c172127bbb5bf6c210"},
    {file = "lxml-4.6.5-cp310-cp310-manylinux_2_17_x86_64.manylinux2014_x86_64.manylinux_2_24_x86_64.whl", hash = "sha256:a7790a273225b0c46e5f859c1327f0f659896cc72eaa537d23aa3ad9ff2a1cc1"},
    {file = "lxml-4.6.5-cp310-cp310-musllinux_1_1_x86_64.whl", hash = "sha256:6548fc551de15f310dd0564751d9dc3d405278d45ea9b2b369ed1eccf142e1f5"},
    {file = "lxml-4.6.5-cp310-cp310-win32.whl", hash = "sha256:dc8a0dbb2a10ae8bb609584f5c504789f0f3d0d81840da4849102ec84289f952"},
    {file = "lxml-4.6.5-cp310-cp310-win_amd64.whl", hash = "sha256:1ccbfe5d17835db906f2bab6f15b34194db1a5b07929cba3cf45a96dbfbfefc0"},
    {file = "lxml-4.6.5-cp35-cp35m-manylinux_2_5_i686.manylinux1_i686.whl", hash = "sha256:ca9a40497f7e97a2a961c04fa8a6f23d790b0521350a8b455759d786b0bcb203"},
    {file = "lxml-4.6.5-cp35-cp35m-manylinux_2_5_x86_64.manylinux1_x86_64.whl", hash = "sha256:e5b4b0d9440046ead3bd425eb2b852499241ee0cef1ae151038e4f87ede888c4"},
    {file = "lxml-4.6.5-cp35-cp35m-win32.whl", hash = "sha256:87f8f7df70b90fbe7b49969f07b347e3f978f8bd1046bb8ecae659921869202b"},
    {file = "lxml-4.6.5-cp35-cp35m-win_amd64.whl", hash = "sha256:ce52aad32ec6e46d1a91ff8b8014a91538800dd533914bfc4a82f5018d971408"},
    {file = "lxml-4.6.5-cp36-cp36m-macosx_10_14_x86_64.whl", hash = "sha256:8021eeff7fabde21b9858ed058a8250ad230cede91764d598c2466b0ba70db8b"},
    {file = "lxml-4.6.5-cp36-cp36m-manylinux_2_12_i686.manylinux2010_i686.manylinux_2_24_i686.whl", hash = "sha256:cab343b265e38d4e00649cbbad9278b734c5715f9bcbb72c85a1f99b1a58e19a"},
    {file = "lxml-4.6.5-cp36-cp36m-manylinux_2_17_x86_64.manylinux2014_x86_64.manylinux_2_24_x86_64.whl", hash = "sha256:3534d7c468c044f6aef3c0aff541db2826986a29ea73f2ca831f5d5284d9b570"},
    {file = "lxml-4.6.5-cp36-cp36m-manylinux_2_5_i686.manylinux1_i686.whl", hash = "sha256:bdb98f4c9e8a1735efddfaa995b0c96559792da15d56b76428bdfc29f77c4cdb"},
    {file = "lxml-4.6.5-cp36-cp36m-manylinux_2_5_x86_64.manylinux1_x86_64.whl", hash = "sha256:5ea121cb66d7e5cb396b4c3ca90471252b94e01809805cfe3e4e44be2db3a99c"},
    {file = "lxml-4.6.5-cp36-cp36m-musllinux_1_1_x86_64.whl", hash = "sha256:121fc6f71c692b49af6c963b84ab7084402624ffbe605287da362f8af0668ea3"},
    {file = "lxml-4.6.5-cp36-cp36m-win32.whl", hash = "sha256:1a2a7659b8eb93c6daee350a0d844994d49245a0f6c05c747f619386fb90ba04"},
    {file = "lxml-4.6.5-cp36-cp36m-win_amd64.whl", hash = "sha256:2f77556266a8fe5428b8759fbfc4bd70be1d1d9c9b25d2a414f6a0c0b0f09120"},
    {file = "lxml-4.6.5-cp37-cp37m-macosx_10_14_x86_64.whl", hash = "sha256:558485218ee06458643b929765ac1eb04519ca3d1e2dcc288517de864c747c33"},
    {file = "lxml-4.6.5-cp37-cp37m-manylinux_2_12_i686.manylinux2010_i686.manylinux_2_24_i686.whl", hash = "sha256:ba0006799f21d83c3717fe20e2707a10bbc296475155aadf4f5850f6659b96b9"},
    {file = "lxml-4.6.5-cp37-cp37m-manylinux_2_17_aarch64.manylinux2014_aarch64.manylinux_2_24_aarch64.whl", hash = "sha256:916d457ad84e05b7db52700bad0a15c56e0c3000dcaf1263b2fb7a56fe148996"},
    {file = "lxml-4.6.5-cp37-cp37m-manylinux_2_17_x86_64.manylinux2014_x86_64.manylinux_2_24_x86_64.whl", hash = "sha256:c580c2a61d8297a6e47f4d01f066517dbb019be98032880d19ece7f337a9401d"},
    {file = "lxml-4.6.5-cp37-cp37m-manylinux_2_5_i686.manylinux1_i686.whl", hash = "sha256:a21b78af7e2e13bec6bea12fc33bc05730197674f3e5402ce214d07026ccfebd"},
    {file = "lxml-4.6.5-cp37-cp37m-manylinux_2_5_x86_64.manylinux1_x86_64.whl", hash = "sha256:46515773570a33eae13e451c8fcf440222ef24bd3b26f40774dd0bd8b6db15b2"},
    {file = "lxml-4.6.5-cp37-cp37m-musllinux_1_1_x86_64.whl", hash = "sha256:124f09614f999551ac65e5b9875981ce4b66ac4b8e2ba9284572f741935df3d9"},
    {file = "lxml-4.6.5-cp37-cp37m-win32.whl", hash = "sha256:b4015baed99d046c760f09a4c59d234d8f398a454380c3cf0b859aba97136090"},
    {file = "lxml-4.6.5-cp37-cp37m-win_amd64.whl", hash = "sha256:12ae2339d32a2b15010972e1e2467345b7bf962e155671239fba74c229564b7f"},
    {file = "lxml-4.6.5-cp38-cp38-macosx_10_14_x86_64.whl", hash = "sha256:76b6c296e4f7a1a8a128aec42d128646897f9ae9a700ef6839cdc9b3900db9b5"},
    {file = "lxml-4.6.5-cp38-cp38-macosx_11_0_arm64.whl", hash = "sha256:6b2fa55f8da62324b2640b1ac3e4520639288fd66c18bdd91c5eb3544cb05a69"},
    {file = "lxml-4.6.5-cp38-cp38-manylinux_2_12_i686.manylinux2010_i686.manylinux_2_24_i686.whl", hash = "sha256:534032a5ceb34bba1da193b7d386ac575127cc39338379f39a164b10d97ade89"},
    {file = "lxml-4.6.5-cp38-cp38-manylinux_2_17_aarch64.manylinux2014_aarch64.manylinux_2_24_aarch64.whl", hash = "sha256:60aeb14ff9022d2687ef98ce55f6342944c40d00916452bb90899a191802137a"},
    {file = "lxml-4.6.5-cp38-cp38-manylinux_2_17_x86_64.manylinux2014_x86_64.manylinux_2_24_x86_64.whl", hash = "sha256:9801bcd52ac9c795a7d81ea67471a42cffe532e46cfb750cd5713befc5c019c0"},
    {file = "lxml-4.6.5-cp38-cp38-manylinux_2_5_i686.manylinux1_i686.whl", hash = "sha256:3b95fb7e6f9c2f53db88f4642231fc2b8907d854e614710996a96f1f32018d5c"},
    {file = "lxml-4.6.5-cp38-cp38-manylinux_2_5_x86_64.manylinux1_x86_64.whl", hash = "sha256:642eb4cabd997c9b949a994f9643cd8ae00cf4ca8c5cd9c273962296fadf1c44"},
    {file = "lxml-4.6.5-cp38-cp38-musllinux_1_1_x86_64.whl", hash = "sha256:af4139172ff0263d269abdcc641e944c9de4b5d660894a3ec7e9f9db63b56ac9"},
    {file = "lxml-4.6.5-cp38-cp38-win32.whl", hash = "sha256:57cf05466917e08f90e323f025b96f493f92c0344694f5702579ab4b7e2eb10d"},
    {file = "lxml-4.6.5-cp38-cp38-win_amd64.whl", hash = "sha256:4f415624cf8b065796649a5e4621773dc5c9ea574a944c76a7f8a6d3d2906b41"},
    {file = "lxml-4.6.5-cp39-cp39-macosx_10_14_x86_64.whl", hash = "sha256:7679bb6e4d9a3978a46ab19a3560e8d2b7265ef3c88152e7fdc130d649789887"},
    {file = "lxml-4.6.5-cp39-cp39-macosx_11_0_arm64.whl", hash = "sha256:4467106fbb2670d6c046cf92f0de6fef750a06ae237206c5540b4eaba6a100e7"},
    {file = "lxml-4.6.5-cp39-cp39-manylinux_2_12_i686.manylinux2010_i686.manylinux_2_24_i686.whl", hash = "sha256:c34234a1bc9e466c104372af74d11a9f98338a3f72fae22b80485171a64e0144"},
    {file = "lxml-4.6.5-cp39-cp39-manylinux_2_17_aarch64.manylinux2014_aarch64.manylinux_2_24_aarch64.whl", hash = "sha256:4b9390bf973e3907d967b75be199cf1978ca8443183cf1e78ad80ad8be9cf242"},
    {file = "lxml-4.6.5-cp39-cp39-manylinux_2_17_x86_64.manylinux2014_x86_64.manylinux_2_24_x86_64.whl", hash = "sha256:fcc849b28f584ed1dbf277291ded5c32bb3476a37032df4a1d523b55faa5f944"},
    {file = "lxml-4.6.5-cp39-cp39-manylinux_2_5_i686.manylinux1_i686.whl", hash = "sha256:46f21f2600d001af10e847df9eb3b832e8a439f696c04891bcb8a8cedd859af9"},
    {file = "lxml-4.6.5-cp39-cp39-manylinux_2_5_x86_64.manylinux1_x86_64.whl", hash = "sha256:99cf827f5a783038eb313beee6533dddb8bdb086d7269c5c144c1c952d142ace"},
    {file = "lxml-4.6.5-cp39-cp39-musllinux_1_1_x86_64.whl", hash = "sha256:925174cafb0f1179a7fd38da90302555d7445e34c9ece68019e53c946be7f542"},
    {file = "lxml-4.6.5-cp39-cp39-win32.whl", hash = "sha256:12d8d6fe3ddef629ac1349fa89a638b296a34b6529573f5055d1cb4e5245f73b"},
    {file = "lxml-4.6.5-cp39-cp39-win_amd64.whl", hash = "sha256:a52e8f317336a44836475e9c802f51c2dc38d612eaa76532cb1d17690338b63b"},
    {file = "lxml-4.6.5-pp37-pypy37_pp73-macosx_10_14_x86_64.whl", hash = "sha256:11ae552a78612620afd15625be9f1b82e3cc2e634f90d6b11709b10a100cba59"},
    {file = "lxml-4.6.5-pp37-pypy37_pp73-manylinux_2_12_i686.manylinux2010_i686.manylinux_2_24_i686.whl", hash = "sha256:473701599665d874919d05bb33b56180447b3a9da8d52d6d9799f381ce23f95c"},
    {file = "lxml-4.6.5-pp37-pypy37_pp73-manylinux_2_17_x86_64.manylinux2014_x86_64.manylinux_2_24_x86_64.whl", hash = "sha256:7f00cc64b49d2ef19ddae898a3def9dd8fda9c3d27c8a174c2889ee757918e71"},
    {file = "lxml-4.6.5-pp38-pypy38_pp73-macosx_10_14_x86_64.whl", hash = "sha256:73e8614258404b2689a26cb5d002512b8bc4dfa18aca86382f68f959aee9b0c8"},
    {file = "lxml-4.6.5-pp38-pypy38_pp73-manylinux_2_12_i686.manylinux2010_i686.manylinux_2_24_i686.whl", hash = "sha256:ff44de36772b05c2eb74f2b4b6d1ae29b8f41ed5506310ce1258d44826ee38c1"},
    {file = "lxml-4.6.5-pp38-pypy38_pp73-manylinux_2_17_x86_64.manylinux2014_x86_64.manylinux_2_24_x86_64.whl", hash = "sha256:5d5254c815c186744c8f922e2ce861a2bdeabc06520b4b30b2f7d9767791ce6e"},
    {file = "lxml-4.6.5.tar.gz", hash = "sha256:6e84edecc3a82f90d44ddee2ee2a2630d4994b8471816e226d2b771cda7ac4ca"},
]

[package.extras]
cssselect = ["cssselect (>=0.7)"]
html5 = ["html5lib"]
htmlsoup = ["BeautifulSoup4"]
source = ["Cython (>=0.29.7)"]

[package.source]
type = "legacy"
url = "https://python.build/simple"
reference = "pythonbuild"

[[package]]
name = "lxml"
version = "4.6.5"
description = "Powerful and Pythonic XML processing library combining libxml2/libxslt with the ElementTree API."
category = "main"
optional = false
python-versions = ">=2.7, !=3.0.*, !=3.1.*, !=3.2.*, !=3.3.*, != 3.4.*"
files = [
    {file = "lxml-4.6.5-cp310-cp310-macosx_11_0_arm64.whl", hash = "sha256:804287f10643ff216adc059d052eccba39718893c2e0fa3041e5f3fa2cdd358e"},
]

[package.extras]
cssselect = ["cssselect (>=0.7)"]
html5 = ["html5lib"]
htmlsoup = ["BeautifulSoup4"]
source = ["Cython (>=0.29.7)"]

[package.source]
type = "url"
url = 'https://wheels.python.build/lxml-4.6.5-cp310-cp310-macosx_11_0_arm64.whl'
[[package]]
name = "protobuf"
version = "3.20.3"
description = "Protocol Buffers"
category = "main"
optional = false
python-versions = ">=3.7"
files = [
    {file = "protobuf-3.20.3-cp310-cp310-manylinux2014_aarch64.whl", hash = "sha256:f4bd856d702e5b0d96a00ec6b307b0f51c1982c2bf9c0052cf9019e9a544ba99"},
    {file = "protobuf-3.20.3-cp310-cp310-manylinux_2_12_x86_64.manylinux2010_x86_64.whl", hash = "sha256:9aae4406ea63d825636cc11ffb34ad3379335803216ee3a856787bcf5ccc751e"},
    {file = "protobuf-3.20.3-cp310-cp310-win32.whl", hash = "sha256:28545383d61f55b57cf4df63eebd9827754fd2dc25f80c5253f9184235db242c"},
    {file = "protobuf-3.20.3-cp310-cp310-win_amd64.whl", hash = "sha256:67a3598f0a2dcbc58d02dd1928544e7d88f764b47d4a286202913f0b2801c2e7"},
    {file = "protobuf-3.20.3-cp36-cp36m-manylinux_2_5_x86_64.manylinux1_x86_64.whl", hash = "sha256:899dc660cd599d7352d6f10d83c95df430a38b410c1b66b407a6b29265d66469"},
    {file = "protobuf-3.20.3-cp37-cp37m-macosx_10_9_x86_64.whl", hash = "sha256:e64857f395505ebf3d2569935506ae0dfc4a15cb80dc25261176c784662cdcc4"},
    {file = "protobuf-3.20.3-cp37-cp37m-manylinux2014_aarch64.whl", hash = "sha256:d9e4432ff660d67d775c66ac42a67cf2453c27cb4d738fc22cb53b5d84c135d4"},
    {file = "protobuf-3.20.3-cp37-cp37m-manylinux_2_5_x86_64.manylinux1_x86_64.whl", hash = "sha256:74480f79a023f90dc6e18febbf7b8bac7508420f2006fabd512013c0c238f454"},
    {file = "protobuf-3.20.3-cp37-cp37m-win32.whl", hash = "sha256:b6cc7ba72a8850621bfec987cb72623e703b7fe2b9127a161ce61e61558ad905"},
    {file = "protobuf-3.20.3-cp37-cp37m-win_amd64.whl", hash = "sha256:8c0c984a1b8fef4086329ff8dd19ac77576b384079247c770f29cc8ce3afa06c"},
    {file = "protobuf-3.20.3-cp38-cp38-macosx_10_9_x86_64.whl", hash = "sha256:de78575669dddf6099a8a0f46a27e82a1783c557ccc38ee620ed8cc96d3be7d7"},
    {file = "protobuf-3.20.3-cp38-cp38-manylinux2014_aarch64.whl", hash = "sha256:f4c42102bc82a51108e449cbb32b19b180022941c727bac0cfd50170341f16ee"},
    {file = "protobuf-3.20.3-cp38-cp38-manylinux_2_5_x86_64.manylinux1_x86_64.whl", hash = "sha256:44246bab5dd4b7fbd3c0c80b6f16686808fab0e4aca819ade6e8d294a29c7050"},
    {file = "protobuf-3.20.3-cp38-cp38-win32.whl", hash = "sha256:c02ce36ec760252242a33967d51c289fd0e1c0e6e5cc9397e2279177716add86"},
    {file = "protobuf-3.20.3-cp38-cp38-win_amd64.whl", hash = "sha256:447d43819997825d4e71bf5769d869b968ce96848b6479397e29fc24c4a5dfe9"},
    {file = "protobuf-3.20.3-cp39-cp39-macosx_10_9_x86_64.whl", hash = "sha256:398a9e0c3eaceb34ec1aee71894ca3299605fa8e761544934378bbc6c97de23b"},
    {file = "protobuf-3.20.3-cp39-cp39-manylinux2014_aarch64.whl", hash = "sha256:bf01b5720be110540be4286e791db73f84a2b721072a3711efff6c324cdf074b"},
    {file = "protobuf-3.20.3-cp39-cp39-manylinux_2_5_x86_64.manylinux1_x86_64.whl", hash = "sha256:daa564862dd0d39c00f8086f88700fdbe8bc717e993a21e90711acfed02f2402"},
    {file = "protobuf-3.20.3-cp39-cp39-win32.whl", hash = "sha256:819559cafa1a373b7096a482b504ae8a857c89593cf3a25af743ac9ecbd23480"},
    {file = "protobuf-3.20.3-cp39-cp39-win_amd64.whl", hash = "sha256:03038ac1cfbc41aa21f6afcbcd357281d7521b4157926f30ebecc8d4ea59dcb7"},
    {file = "protobuf-3.20.3-py2.py3-none-any.whl", hash = "sha256:a7ca6d488aa8ff7f329d4c545b2dbad8ac31464f1d8b1c87ad1346717731e4db"},
    {file = "protobuf-3.20.3.tar.gz", hash = "sha256:2e3427429c9cffebf259491be0af70189607f365c2f41c7c3764af6f337105f2"},
]

[package.source]
type = "legacy"
url = "https://python.build/simple"
reference = "pythonbuild"

[[package]]
name = "setuptools"
version = "65.6.3"
description = "Easily download, build, install, upgrade, and uninstall Python packages"
category = "main"
optional = false
python-versions = ">=3.7"
files = [
    {file = "setuptools-65.6.3-py3-none-any.whl", hash = "sha256:57f6f22bde4e042978bcd50176fdb381d7c21a9efa4041202288d3737a0c6a54"},
    {file = "setuptools-65.6.3.tar.gz", hash = "sha256:a7620757bf984b58deaf32fc8a4577a9bbc0850cf92c20e1ce41c38c19e5fb75"},
]

[package.extras]
docs = ["furo", "jaraco.packaging (>=9)", "jaraco.tidelift (>=1.4)", "pygments-github-lexers (==0.0.5)", "rst.linker (>=1.9)", "sphinx (>=3.5)", "sphinx-favicon", "sphinx-hoverxref (<2)", "sphinx-inline-tabs", "sphinx-notfound-page (==0.8.3)", "sphinx-reredirects", "sphinxcontrib-towncrier"]
testing = ["build[virtualenv]", "filelock (>=3.4.0)", "flake8 (<5)", "flake8-2020", "ini2toml[lite] (>=0.9)", "jaraco.envs (>=2.2)", "jaraco.path (>=3.2.0)", "pip (>=19.1)", "pip-run (>=8.8)", "pytest (>=6)", "pytest-black (>=0.3.7)", "pytest-checkdocs (>=2.4)", "pytest-cov", "pytest-enabler (>=1.3)", "pytest-flake8", "pytest-mypy (>=0.9.1)", "pytest-perf", "pytest-timeout", "pytest-xdist", "tomli-w (>=1.0.0)", "virtualenv (>=13.0.0)", "wheel"]
testing-integration = ["build[virtualenv]", "filelock (>=3.4.0)", "jaraco.envs (>=2.2)", "jaraco.path (>=3.2.0)", "pytest", "pytest-enabler", "pytest-xdist", "tomli", "virtualenv (>=13.0.0)", "wheel"]

[package.source]
type = "legacy"
url = "https://python.build/simple"
reference = "pythonbuild"

[[package]]
name = "six"
version = "1.16.0"
description = "Python 2 and 3 compatibility utilities"
category = "main"
optional = false
python-versions = ">=2.7, !=3.0.*, !=3.1.*, !=3.2.*"
files = [
    {file = "six-1.16.0-py2.py3-none-any.whl", hash = "sha256:8abb2f1d86890a2dfb989f9a77cfcfd3e47c2a354b01111771326f8aa26e0254"},
    {file = "six-1.16.0.tar.gz", hash = "sha256:1e61c37477a1626458e36f7b1d82aa5c9b094fa4802892072e49de9c60c4c926"},
]

[package.source]
type = "legacy"
url = "https://python.build/simple"
reference = "pythonbuild"

[[package]]
name = "toml"
version = "0.10.2"
description = "Python Library for Tom's Obvious, Minimal Language"
category = "main"
optional = false
python-versions = ">=2.6, !=3.0.*, !=3.1.*, !=3.2.*"
files = [
    {file = "toml-0.10.2-py2.py3-none-any.whl", hash = "sha256:806143ae5bfb6a3c6e736a764057db0e6a0e05e338b5630894a5f779cabb4f9b"},
    {file = "toml-0.10.2.tar.gz", hash = "sha256:b3bda1d108d5dd99f4a20d24d9c348e91c4db7ab1b749200bded2f839ccbe68f"},
]

[package.source]
type = "legacy"
url = "https://python.build/simple"
reference = "pythonbuild"

[metadata]
lock-version = "2.0"
python-versions = "^3.10"
content-hash = "5681a3dd10e55f638b20135f7875ce2bec214694f96ec9921e37659df7bdd80b"
